{
  "version": 4,
  "terraform_version": "1.10.5",
  "serial": 51,
  "lineage": "7753f9ed-6acb-d28b-3cd6-49508accbb09",
  "outputs": {},
  "resources": [
    {
      "mode": "managed",
      "type": "aws_iam_policy",
      "name": "jenkins_execution_policy",
      "provider": "provider[\"registry.terraform.io/hashicorp/aws\"]",
      "instances": [
        {
          "schema_version": 0,
          "attributes": {
            "arn": "arn:aws:iam::079407536013:policy/jenkins-permissions-policy",
            "attachment_count": 2,
            "description": "Permissions for Jenkins to deploy EKS and manage related AWS resources",
            "id": "arn:aws:iam::079407536013:policy/jenkins-permissions-policy",
            "name": "jenkins-permissions-policy",
            "name_prefix": "",
            "path": "/",
            "policy": "{\"Statement\":[{\"Action\":[\"eks:*\",\"iam:CreateRole\",\"iam:PutRolePolicy\",\"iam:AttachRolePolicy\",\"iam:PassRole\",\"iam:GetRole\",\"iam:ListAttachedRolePolicies\",\"iam:ListRolePolicies\",\"iam:ListRoles\",\"iam:ListPolicyTags\",\"iam:ListRoleTags\",\"iam:ListPolicies\",\"iam:ListInstanceProfilesRoles\",\"iam:ListInstanceProfilesforRole\",\"iam:ListInstanceProfiles\",\"iam:ListAttachedGroupPolicies\",\"iam:ListGroupPolicies\",\"iam:DeleteRole\",\"ec2:*\",\"s3:*\",\"logs:*\"],\"Effect\":\"Allow\",\"Resource\":\"*\"}],\"Version\":\"2012-10-17\"}",
            "policy_id": "ANPARE7IO26GY2CRCMNJA",
            "tags": {},
            "tags_all": {}
          },
          "sensitive_attributes": [],
          "private": "bnVsbA=="
        }
      ]
    },
    {
      "mode": "managed",
      "type": "aws_s3_bucket",
      "name": "terraform_backend",
      "provider": "provider[\"registry.terraform.io/hashicorp/aws\"]",
      "instances": [
        {
          "schema_version": 0,
          "attributes": {
            "acceleration_status": "",
            "acl": null,
            "arn": "arn:aws:s3:::gpt-deployment-rico",
            "bucket": "gpt-deployment-rico",
            "bucket_domain_name": "gpt-deployment-rico.s3.amazonaws.com",
            "bucket_prefix": "",
            "bucket_regional_domain_name": "gpt-deployment-rico.s3.us-east-1.amazonaws.com",
            "cors_rule": [],
            "force_destroy": false,
            "grant": [
              {
                "id": "441634757b5b85eb2a6198c6b4856335dee1fab1bcdf540bf5c6663fe922c0d5",
                "permissions": [
                  "FULL_CONTROL"
                ],
                "type": "CanonicalUser",
                "uri": ""
              }
            ],
            "hosted_zone_id": "Z3AQBSTGFYJSTF",
            "id": "gpt-deployment-rico",
            "lifecycle_rule": [],
            "logging": [],
            "object_lock_configuration": [],
            "object_lock_enabled": false,
            "policy": "",
            "region": "us-east-1",
            "replication_configuration": [],
            "request_payer": "BucketOwner",
            "server_side_encryption_configuration": [
              {
                "rule": [
                  {
                    "apply_server_side_encryption_by_default": [
                      {
                        "kms_master_key_id": "",
                        "sse_algorithm": "AES256"
                      }
                    ],
                    "bucket_key_enabled": false
                  }
                ]
              }
            ],
            "tags": {
              "Environment": "dev",
              "Name": "Terraform Backend Bucket"
            },
            "tags_all": {
              "Environment": "dev",
              "Name": "Terraform Backend Bucket"
            },
            "timeouts": null,
            "versioning": [
              {
                "enabled": true,
                "mfa_delete": false
              }
            ],
            "website": [],
            "website_domain": null,
            "website_endpoint": null
          },
          "sensitive_attributes": [],
          "private": "eyJlMmJmYjczMC1lY2FhLTExZTYtOGY4OC0zNDM2M2JjN2M0YzAiOnsiY3JlYXRlIjoxMjAwMDAwMDAwMDAwLCJkZWxldGUiOjM2MDAwMDAwMDAwMDAsInJlYWQiOjEyMDAwMDAwMDAwMDAsInVwZGF0ZSI6MTIwMDAwMDAwMDAwMH19"
        }
      ]
    }
  ],
  "check_results": null
}
